// !$*UTF8*$!
{
	archiveVersion = 1;
	classes = {
	};
	objectVersion = 46;
	objects = {

/* Begin PBXBuildFile section */
		7BB3AF2F1C4EEFAA00A20A81 /* main.m in Sources */ = {isa = PBXBuildFile; fileRef = 7BB3AF2E1C4EEFAA00A20A81 /* main.m */; };
		7BB3AF321C4EEFAA00A20A81 /* AppDelegate.m in Sources */ = {isa = PBXBuildFile; fileRef = 7BB3AF311C4EEFAA00A20A81 /* AppDelegate.m */; };
		7BB3AF351C4EEFAA00A20A81 /* ViewController.m in Sources */ = {isa = PBXBuildFile; fileRef = 7BB3AF341C4EEFAA00A20A81 /* ViewController.m */; };
		7BB3AF381C4EEFAA00A20A81 /* Main.storyboard in Resources */ = {isa = PBXBuildFile; fileRef = 7BB3AF361C4EEFAA00A20A81 /* Main.storyboard */; };
		7BB3AF3A1C4EEFAA00A20A81 /* Assets.xcassets in Resources */ = {isa = PBXBuildFile; fileRef = 7BB3AF391C4EEFAA00A20A81 /* Assets.xcassets */; };
		7BB3AF3D1C4EEFAA00A20A81 /* LaunchScreen.storyboard in Resources */ = {isa = PBXBuildFile; fileRef = 7BB3AF3B1C4EEFAA00A20A81 /* LaunchScreen.storyboard */; };
		7BB3AF481C4EEFAB00A20A81 /* AutoLayoutUsingStoryboardTests.m in Sources */ = {isa = PBXBuildFile; fileRef = 7BB3AF471C4EEFAB00A20A81 /* AutoLayoutUsingStoryboardTests.m */; };
		7BB3AF531C4EEFAC00A20A81 /* AutoLayoutUsingStoryboardUITests.m in Sources */ = {isa = PBXBuildFile; fileRef = 7BB3AF521C4EEFAC00A20A81 /* AutoLayoutUsingStoryboardUITests.m */; };
/* End PBXBuildFile section */

/* Begin PBXContainerItemProxy section */
		7BB3AF441C4EEFAB00A20A81 /* PBXContainerItemProxy */ = {
			isa = PBXContainerItemProxy;
			containerPortal = 7BB3AF221C4EEFAA00A20A81 /* Project object */;
			proxyType = 1;
			remoteGlobalIDString = 7BB3AF291C4EEFAA00A20A81;
			remoteInfo = AutoLayoutUsingStoryboard;
		};
		7BB3AF4F1C4EEFAC00A20A81 /* PBXContainerItemProxy */ = {
			isa = PBXContainerItemProxy;
			containerPortal = 7BB3AF221C4EEFAA00A20A81 /* Project object */;
			proxyType = 1;
			remoteGlobalIDString = 7BB3AF291C4EEFAA00A20A81;
			remoteInfo = AutoLayoutUsingStoryboard;
		};
/* End PBXContainerItemProxy section */

/* Begin PBXFileReference section */
		7BB3AF2A1C4EEFAA00A20A81 /* AutoLayoutUsingStoryboard.app */ = {isa = PBXFileReference; explicitFileType = wrapper.application; includeInIndex = 0; path = AutoLayoutUsingStoryboard.app; sourceTree = BUILT_PRODUCTS_DIR; };
		7BB3AF2E1C4EEFAA00A20A81 /* main.m */ = {isa = PBXFileReference; lastKnownFileType = sourcecode.c.objc; path = main.m; sourceTree = "<group>"; };
		7BB3AF301C4EEFAA00A20A81 /* AppDelegate.h */ = {isa = PBXFileReference; lastKnownFileType = sourcecode.c.h; path = AppDelegate.h; sourceTree = "<group>"; };
		7BB3AF311C4EEFAA00A20A81 /* AppDelegate.m */ = {isa = PBXFileReference; lastKnownFileType = sourcecode.c.objc; path = AppDelegate.m; sourceTree = "<group>"; };
		7BB3AF331C4EEFAA00A20A81 /* ViewController.h */ = {isa = PBXFileReference; lastKnownFileType = sourcecode.c.h; path = ViewController.h; sourceTree = "<group>"; };
		7BB3AF341C4EEFAA00A20A81 /* ViewController.m */ = {isa = PBXFileReference; lastKnownFileType = sourcecode.c.objc; path = ViewController.m; sourceTree = "<group>"; };
		7BB3AF371C4EEFAA00A20A81 /* Base */ = {isa = PBXFileReference; lastKnownFileType = file.storyboard; name = Base; path = Base.lproj/Main.storyboard; sourceTree = "<group>"; };
		7BB3AF391C4EEFAA00A20A81 /* Assets.xcassets */ = {isa = PBXFileReference; lastKnownFileType = folder.assetcatalog; path = Assets.xcassets; sourceTree = "<group>"; };
		7BB3AF3C1C4EEFAA00A20A81 /* Base */ = {isa = PBXFileReference; lastKnownFileType = file.storyboard; name = Base; path = Base.lproj/LaunchScreen.storyboard; sourceTree = "<group>"; };
		7BB3AF3E1C4EEFAA00A20A81 /* Info.plist */ = {isa = PBXFileReference; lastKnownFileType = text.plist.xml; path = Info.plist; sourceTree = "<group>"; };
		7BB3AF431C4EEFAB00A20A81 /* AutoLayoutUsingStoryboardTests.xctest */ = {isa = PBXFileReference; explicitFileType = wrapper.cfbundle; includeInIndex = 0; path = AutoLayoutUsingStoryboardTests.xctest; sourceTree = BUILT_PRODUCTS_DIR; };
		7BB3AF471C4EEFAB00A20A81 /* AutoLayoutUsingStoryboardTests.m */ = {isa = PBXFileReference; lastKnownFileType = sourcecode.c.objc; path = AutoLayoutUsingStoryboardTests.m; sourceTree = "<group>"; };
		7BB3AF491C4EEFAB00A20A81 /* Info.plist */ = {isa = PBXFileReference; lastKnownFileType = text.plist.xml; path = Info.plist; sourceTree = "<group>"; };
		7BB3AF4E1C4EEFAC00A20A81 /* AutoLayoutUsingStoryboardUITests.xctest */ = {isa = PBXFileReference; explicitFileType = wrapper.cfbundle; includeInIndex = 0; path = AutoLayoutUsingStoryboardUITests.xctest; sourceTree = BUILT_PRODUCTS_DIR; };
		7BB3AF521C4EEFAC00A20A81 /* AutoLayoutUsingStoryboardUITests.m */ = {isa = PBXFileReference; lastKnownFileType = sourcecode.c.objc; path = AutoLayoutUsingStoryboardUITests.m; sourceTree = "<group>"; };
		7BB3AF541C4EEFAC00A20A81 /* Info.plist */ = {isa = PBXFileReference; lastKnownFileType = text.plist.xml; path = Info.plist; sourceTree = "<group>"; };
/* End PBXFileReference section */

/* Begin PBXFrameworksBuildPhase section */
		7BB3AF271C4EEFAA00A20A81 /* Frameworks */ = {
			isa = PBXFrameworksBuildPhase;
			buildActionMask = 2147483647;
			files = (
			);
			runOnlyForDeploymentPostprocessing = 0;
		};
		7BB3AF401C4EEFAB00A20A81 /* Frameworks */ = {
			isa = PBXFrameworksBuildPhase;
			buildActionMask = 2147483647;
			files = (
			);
			runOnlyForDeploymentPostprocessing = 0;
		};
		7BB3AF4B1C4EEFAC00A20A81 /* Frameworks */ = {
			isa = PBXFrameworksBuildPhase;
			buildActionMask = 2147483647;
			files = (
			);
			runOnlyForDeploymentPostprocessing = 0;
		};
/* End PBXFrameworksBuildPhase section */

/* Begin PBXGroup section */
		7BB3AF211C4EEFAA00A20A81 = {
			isa = PBXGroup;
			children = (
				7BB3AF2C1C4EEFAA00A20A81 /* AutoLayoutUsingStoryboard */,
				7BB3AF461C4EEFAB00A20A81 /* AutoLayoutUsingStoryboardTests */,
				7BB3AF511C4EEFAC00A20A81 /* AutoLayoutUsingStoryboardUITests */,
				7BB3AF2B1C4EEFAA00A20A81 /* Products */,
			);
			sourceTree = "<group>";
		};
		7BB3AF2B1C4EEFAA00A20A81 /* Products */ = {
			isa = PBXGroup;
			children = (
				7BB3AF2A1C4EEFAA00A20A81 /* AutoLayoutUsingStoryboard.app */,
				7BB3AF431C4EEFAB00A20A81 /* AutoLayoutUsingStoryboardTests.xctest */,
				7BB3AF4E1C4EEFAC00A20A81 /* AutoLayoutUsingStoryboardUITests.xctest */,
			);
			name = Products;
			sourceTree = "<group>";
		};
		7BB3AF2C1C4EEFAA00A20A81 /* AutoLayoutUsingStoryboard */ = {
			isa = PBXGroup;
			children = (
				7BB3AF301C4EEFAA00A20A81 /* AppDelegate.h */,
				7BB3AF311C4EEFAA00A20A81 /* AppDelegate.m */,
				7BB3AF331C4EEFAA00A20A81 /* ViewController.h */,
				7BB3AF341C4EEFAA00A20A81 /* ViewController.m */,
				7BB3AF361C4EEFAA00A20A81 /* Main.storyboard */,
				7BB3AF391C4EEFAA00A20A81 /* Assets.xcassets */,
				7BB3AF3B1C4EEFAA00A20A81 /* LaunchScreen.storyboard */,
				7BB3AF3E1C4EEFAA00A20A81 /* Info.plist */,
				7BB3AF2D1C4EEFAA00A20A81 /* Supporting Files */,
			);
			path = AutoLayoutUsingStoryboard;
			sourceTree = "<group>";
		};
		7BB3AF2D1C4EEFAA00A20A81 /* Supporting Files */ = {
			isa = PBXGroup;
			children = (
				7BB3AF2E1C4EEFAA00A20A81 /* main.m */,
			);
			name = "Supporting Files";
			sourceTree = "<group>";
		};
		7BB3AF461C4EEFAB00A20A81 /* AutoLayoutUsingStoryboardTests */ = {
			isa = PBXGroup;
			children = (
				7BB3AF471C4EEFAB00A20A81 /* AutoLayoutUsingStoryboardTests.m */,
				7BB3AF491C4EEFAB00A20A81 /* Info.plist */,
			);
			path = AutoLayoutUsingStoryboardTests;
			sourceTree = "<group>";
		};
		7BB3AF511C4EEFAC00A20A81 /* AutoLayoutUsingStoryboardUITests */ = {
			isa = PBXGroup;
			children = (
				7BB3AF521C4EEFAC00A20A81 /* AutoLayoutUsingStoryboardUITests.m */,
				7BB3AF541C4EEFAC00A20A81 /* Info.plist */,
			);
			path = AutoLayoutUsingStoryboardUITests;
			sourceTree = "<group>";
		};
/* End PBXGroup section */

/* Begin PBXNativeTarget section */
		7BB3AF291C4EEFAA00A20A81 /* AutoLayoutUsingStoryboard */ = {
			isa = PBXNativeTarget;
			buildConfigurationList = 7BB3AF571C4EEFAC00A20A81 /* Build configuration list for PBXNativeTarget "AutoLayoutUsingStoryboard" */;
			buildPhases = (
				7BB3AF261C4EEFAA00A20A81 /* Sources */,
				7BB3AF271C4EEFAA00A20A81 /* Frameworks */,
				7BB3AF281C4EEFAA00A20A81 /* Resources */,
			);
			buildRules = (
			);
			dependencies = (
			);
			name = AutoLayoutUsingStoryboard;
			productName = AutoLayoutUsingStoryboard;
			productReference = 7BB3AF2A1C4EEFAA00A20A81 /* AutoLayoutUsingStoryboard.app */;
			productType = "com.apple.product-type.application";
		};
		7BB3AF421C4EEFAB00A20A81 /* AutoLayoutUsingStoryboardTests */ = {
			isa = PBXNativeTarget;
			buildConfigurationList = 7BB3AF5A1C4EEFAC00A20A81 /* Build configuration list for PBXNativeTarget "AutoLayoutUsingStoryboardTests" */;
			buildPhases = (
				7BB3AF3F1C4EEFAB00A20A81 /* Sources */,
				7BB3AF401C4EEFAB00A20A81 /* Frameworks */,
				7BB3AF411C4EEFAB00A20A81 /* Resources */,
			);
			buildRules = (
			);
			dependencies = (
				7BB3AF451C4EEFAB00A20A81 /* PBXTargetDependency */,
			);
			name = AutoLayoutUsingStoryboardTests;
			productName = AutoLayoutUsingStoryboardTests;
			productReference = 7BB3AF431C4EEFAB00A20A81 /* AutoLayoutUsingStoryboardTests.xctest */;
			productType = "com.apple.product-type.bundle.unit-test";
		};
		7BB3AF4D1C4EEFAC00A20A81 /* AutoLayoutUsingStoryboardUITests */ = {
			isa = PBXNativeTarget;
			buildConfigurationList = 7BB3AF5D1C4EEFAC00A20A81 /* Build configuration list for PBXNativeTarget "AutoLayoutUsingStoryboardUITests" */;
			buildPhases = (
				7BB3AF4A1C4EEFAC00A20A81 /* Sources */,
				7BB3AF4B1C4EEFAC00A20A81 /* Frameworks */,
				7BB3AF4C1C4EEFAC00A20A81 /* Resources */,
			);
			buildRules = (
			);
			dependencies = (
				7BB3AF501C4EEFAC00A20A81 /* PBXTargetDependency */,
			);
			name = AutoLayoutUsingStoryboardUITests;
			productName = AutoLayoutUsingStoryboardUITests;
			productReference = 7BB3AF4E1C4EEFAC00A20A81 /* AutoLayoutUsingStoryboardUITests.xctest */;
			productType = "com.apple.product-type.bundle.ui-testing";
		};
/* End PBXNativeTarget section */

/* Begin PBXProject section */
		7BB3AF221C4EEFAA00A20A81 /* Project object */ = {
			isa = PBXProject;
			attributes = {
				LastUpgradeCheck = 0720;
				ORGANIZATIONNAME = "Anthony Tulai";
				TargetAttributes = {
					7BB3AF291C4EEFAA00A20A81 = {
						CreatedOnToolsVersion = 7.2;
						DevelopmentTeam = FVCASQ8A8B;
					};
					7BB3AF421C4EEFAB00A20A81 = {
						CreatedOnToolsVersion = 7.2;
						DevelopmentTeam = FVCASQ8A8B;
						TestTargetID = 7BB3AF291C4EEFAA00A20A81;
					};
					7BB3AF4D1C4EEFAC00A20A81 = {
						CreatedOnToolsVersion = 7.2;
						DevelopmentTeam = FVCASQ8A8B;
						TestTargetID = 7BB3AF291C4EEFAA00A20A81;
					};
				};
			};
			buildConfigurationList = 7BB3AF251C4EEFAA00A20A81 /* Build configuration list for PBXProject "AutoLayoutUsingStoryboard" */;
			compatibilityVersion = "Xcode 3.2";
			developmentRegion = English;
			hasScannedForEncodings = 0;
			knownRegions = (
				en,
				Base,
			);
			mainGroup = 7BB3AF211C4EEFAA00A20A81;
			productRefGroup = 7BB3AF2B1C4EEFAA00A20A81 /* Products */;
			projectDirPath = "";
			projectRoot = "";
			targets = (
				7BB3AF291C4EEFAA00A20A81 /* AutoLayoutUsingStoryboard */,
				7BB3AF421C4EEFAB00A20A81 /* AutoLayoutUsingStoryboardTests */,
				7BB3AF4D1C4EEFAC00A20A81 /* AutoLayoutUsingStoryboardUITests */,
			);
		};
/* End PBXProject section */

/* Begin PBXResourcesBuildPhase section */
		7BB3AF281C4EEFAA00A20A81 /* Resources */ = {
			isa = PBXResourcesBuildPhase;
			buildActionMask = 2147483647;
			files = (
				7BB3AF3D1C4EEFAA00A20A81 /* LaunchScreen.storyboard in Resources */,
				7BB3AF3A1C4EEFAA00A20A81 /* Assets.xcassets in Resources */,
				7BB3AF381C4EEFAA00A20A81 /* Main.storyboard in Resources */,
			);
			runOnlyForDeploymentPostprocessing = 0;
		};
		7BB3AF411C4EEFAB00A20A81 /* Resources */ = {
			isa = PBXResourcesBuildPhase;
			buildActionMask = 2147483647;
			files = (
			);
			runOnlyForDeploymentPostprocessing = 0;
		};
		7BB3AF4C1C4EEFAC00A20A81 /* Resources */ = {
			isa = PBXResourcesBuildPhase;
			buildActionMask = 2147483647;
			files = (
			);
			runOnlyForDeploymentPostprocessing = 0;
		};
/* End PBXResourcesBuildPhase section */

/* Begin PBXSourcesBuildPhase section */
		7BB3AF261C4EEFAA00A20A81 /* Sources */ = {
			isa = PBXSourcesBuildPhase;
			buildActionMask = 2147483647;
			files = (
				7BB3AF351C4EEFAA00A20A81 /* ViewController.m in Sources */,
				7BB3AF321C4EEFAA00A20A81 /* AppDelegate.m in Sources */,
				7BB3AF2F1C4EEFAA00A20A81 /* main.m in Sources */,
			);
			runOnlyForDeploymentPostprocessing = 0;
		};
		7BB3AF3F1C4EEFAB00A20A81 /* Sources */ = {
			isa = PBXSourcesBuildPhase;
			buildActionMask = 2147483647;
			files = (
				7BB3AF481C4EEFAB00A20A81 /* AutoLayoutUsingStoryboardTests.m in Sources */,
			);
			runOnlyForDeploymentPostprocessing = 0;
		};
		7BB3AF4A1C4EEFAC00A20A81 /* Sources */ = {
			isa = PBXSourcesBuildPhase;
			buildActionMask = 2147483647;
			files = (
				7BB3AF531C4EEFAC00A20A81 /* AutoLayoutUsingStoryboardUITests.m in Sources */,
			);
			runOnlyForDeploymentPostprocessing = 0;
		};
/* End PBXSourcesBuildPhase section */

/* Begin PBXTargetDependency section */
		7BB3AF451C4EEFAB00A20A81 /* PBXTargetDependency */ = {
			isa = PBXTargetDependency;
			target = 7BB3AF291C4EEFAA00A20A81 /* AutoLayoutUsingStoryboard */;
			targetProxy = 7BB3AF441C4EEFAB00A20A81 /* PBXContainerItemProxy */;
		};
		7BB3AF501C4EEFAC00A20A81 /* PBXTargetDependency */ = {
			isa = PBXTargetDependency;
			target = 7BB3AF291C4EEFAA00A20A81 /* AutoLayoutUsingStoryboard */;
			targetProxy = 7BB3AF4F1C4EEFAC00A20A81 /* PBXContainerItemProxy */;
		};
/* End PBXTargetDependency section */

/* Begin PBXVariantGroup section */
		7BB3AF361C4EEFAA00A20A81 /* Main.storyboard */ = {
			isa = PBXVariantGroup;
			children = (
				7BB3AF371C4EEFAA00A20A81 /* Base */,
			);
			name = Main.storyboard;
			sourceTree = "<group>";
		};
		7BB3AF3B1C4EEFAA00A20A81 /* LaunchScreen.storyboard */ = {
			isa = PBXVariantGroup;
			children = (
				7BB3AF3C1C4EEFAA00A20A81 /* Base */,
			);
			name = LaunchScreen.storyboard;
			sourceTree = "<group>";
		};
/* End PBXVariantGroup section */

/* Begin XCBuildConfiguration section */
		7BB3AF551C4EEFAC00A20A81 /* Debug */ = {
			isa = XCBuildConfiguration;
			buildSettings = {
				ALWAYS_SEARCH_USER_PATHS = NO;
				CLANG_CXX_LANGUAGE_STANDARD = "gnu++0x";
				CLANG_CXX_LIBRARY = "libc++";
				CLANG_ENABLE_MODULES = YES;
				CLANG_ENABLE_OBJC_ARC = YES;
				CLANG_WARN_BOOL_CONVERSION = YES;
				CLANG_WARN_CONSTANT_CONVERSION = YES;
				CLANG_WARN_DIRECT_OBJC_ISA_USAGE = YES_ERROR;
				CLANG_WARN_EMPTY_BODY = YES;
				CLANG_WARN_ENUM_CONVERSION = YES;
				CLANG_WARN_INT_CONVERSION = YES;
				CLANG_WARN_OBJC_ROOT_CLASS = YES_ERROR;
				CLANG_WARN_UNREACHABLE_CODE = YES;
				CLANG_WARN__DUPLICATE_METHOD_MATCH = YES;
				"CODE_SIGN_IDENTITY[sdk=iphoneos*]" = "iPhone Developer";
				COPY_PHASE_STRIP = NO;
				DEBUG_INFORMATION_FORMAT = dwarf;
				ENABLE_STRICT_OBJC_MSGSEND = YES;
				ENABLE_TESTABILITY = YES;
				GCC_C_LANGUAGE_STANDARD = gnu99;
				GCC_DYNAMIC_NO_PIC = NO;
				GCC_NO_COMMON_BLOCKS = YES;
				GCC_OPTIMIZATION_LEVEL = 0;
				GCC_PREPROCESSOR_DEFINITIONS = (
					"DEBUG=1",
					"$(inherited)",
				);
				GCC_WARN_64_TO_32_BIT_CONVERSION = YES;
				GCC_WARN_ABOUT_RETURN_TYPE = YES_ERROR;
				GCC_WARN_UNDECLARED_SELECTOR = YES;
				GCC_WARN_UNINITIALIZED_AUTOS = YES_AGGRESSIVE;
				GCC_WARN_UNUSED_FUNCTION = YES;
				GCC_WARN_UNUSED_VARIABLE = YES;
				IPHONEOS_DEPLOYMENT_TARGET = 9.2;
				MTL_ENABLE_DEBUG_INFO = YES;
				ONLY_ACTIVE_ARCH = YES;
				SDKROOT = iphoneos;
			};
			name = Debug;
		};
		7BB3AF561C4EEFAC00A20A81 /* Release */ = {
			isa = XCBuildConfiguration;
			buildSettings = {
				ALWAYS_SEARCH_USER_PATHS = NO;
				CLANG_CXX_LANGUAGE_STANDARD = "gnu++0x";
				CLANG_CXX_LIBRARY = "libc++";
				CLANG_ENABLE_MODULES = YES;
				CLANG_ENABLE_OBJC_ARC = YES;
				CLANG_WARN_BOOL_CONVERSION = YES;
				CLANG_WARN_CONSTANT_CONVERSION = YES;
				CLANG_WARN_DIRECT_OBJC_ISA_USAGE = YES_ERROR;
				CLANG_WARN_EMPTY_BODY = YES;
				CLANG_WARN_ENUM_CONVERSION = YES;
				CLANG_WARN_INT_CONVERSION = YES;
				CLANG_WARN_OBJC_ROOT_CLASS = YES_ERROR;
				CLANG_WARN_UNREACHABLE_CODE = YES;
				CLANG_WARN__DUPLICATE_METHOD_MATCH = YES;
				"CODE_SIGN_IDENTITY[sdk=iphoneos*]" = "iPhone Developer";
				COPY_PHASE_STRIP = NO;
				DEBUG_INFORMATION_FORMAT = "dwarf-with-dsym";
				ENABLE_NS_ASSERTIONS = NO;
				ENABLE_STRICT_OBJC_MSGSEND = YES;
				GCC_C_LANGUAGE_STANDARD = gnu99;
				GCC_NO_COMMON_BLOCKS = YES;
				GCC_WARN_64_TO_32_BIT_CONVERSION = YES;
				GCC_WARN_ABOUT_RETURN_TYPE = YES_ERROR;
				GCC_WARN_UNDECLARED_SELECTOR = YES;
				GCC_WARN_UNINITIALIZED_AUTOS = YES_AGGRESSIVE;
				GCC_WARN_UNUSED_FUNCTION = YES;
				GCC_WARN_UNUSED_VARIABLE = YES;
				IPHONEOS_DEPLOYMENT_TARGET = 9.2;
				MTL_ENABLE_DEBUG_INFO = NO;
				SDKROOT = iphoneos;
				VALIDATE_PRODUCT = YES;
			};
			name = Release;
		};
		7BB3AF581C4EEFAC00A20A81 /* Debug */ = {
			isa = XCBuildConfiguration;
			buildSettings = {
				ASSETCATALOG_COMPILER_APPICON_NAME = AppIcon;
				INFOPLIST_FILE = AutoLayoutUsingStoryboard/Info.plist;
				LD_RUNPATH_SEARCH_PATHS = "$(inherited) @executable_path/Frameworks";
				PRODUCT_BUNDLE_IDENTIFIER = ca.lighthouselabs.AutoLayoutUsingStoryboard;
				PRODUCT_NAME = "$(TARGET_NAME)";
			};
			name = Debug;
		};
		7BB3AF591C4EEFAC00A20A81 /* Release */ = {
			isa = XCBuildConfiguration;
			buildSettings = {
				ASSETCATALOG_COMPILER_APPICON_NAME = AppIcon;
				INFOPLIST_FILE = AutoLayoutUsingStoryboard/Info.plist;
				LD_RUNPATH_SEARCH_PATHS = "$(inherited) @executable_path/Frameworks";
				PRODUCT_BUNDLE_IDENTIFIER = ca.lighthouselabs.AutoLayoutUsingStoryboard;
				PRODUCT_NAME = "$(TARGET_NAME)";
			};
			name = Release;
		};
		7BB3AF5B1C4EEFAC00A20A81 /* Debug */ = {
			isa = XCBuildConfiguration;
			buildSettings = {
				BUNDLE_LOADER = "$(TEST_HOST)";
				INFOPLIST_FILE = AutoLayoutUsingStoryboardTests/Info.plist;
				LD_RUNPATH_SEARCH_PATHS = "$(inherited) @executable_path/Frameworks @loader_path/Frameworks";
				PRODUCT_BUNDLE_IDENTIFIER = ca.lighthouselabs.AutoLayoutUsingStoryboardTests;
				PRODUCT_NAME = "$(TARGET_NAME)";
				TEST_HOST = "$(BUILT_PRODUCTS_DIR)/AutoLayoutUsingStoryboard.app/AutoLayoutUsingStoryboard";
			};
			name = Debug;
		};
		7BB3AF5C1C4EEFAC00A20A81 /* Release */ = {
			isa = XCBuildConfiguration;
			buildSettings = {
				BUNDLE_LOADER = "$(TEST_HOST)";
				INFOPLIST_FILE = AutoLayoutUsingStoryboardTests/Info.plist;
				LD_RUNPATH_SEARCH_PATHS = "$(inherited) @executable_path/Frameworks @loader_path/Frameworks";
				PRODUCT_BUNDLE_IDENTIFIER = ca.lighthouselabs.AutoLayoutUsingStoryboardTests;
				PRODUCT_NAME = "$(TARGET_NAME)";
				TEST_HOST = "$(BUILT_PRODUCTS_DIR)/AutoLayoutUsingStoryboard.app/AutoLayoutUsingStoryboard";
			};
			name = Release;
		};
		7BB3AF5E1C4EEFAC00A20A81 /* Debug */ = {
			isa = XCBuildConfiguration;
			buildSettings = {
				INFOPLIST_FILE = AutoLayoutUsingStoryboardUITests/Info.plist;
				LD_RUNPATH_SEARCH_PATHS = "$(inherited) @executable_path/Frameworks @loader_path/Frameworks";
				PRODUCT_BUNDLE_IDENTIFIER = ca.lighthouselabs.AutoLayoutUsingStoryboardUITests;
				PRODUCT_NAME = "$(TARGET_NAME)";
				TEST_TARGET_NAME = AutoLayoutUsingStoryboard;
				USES_XCTRUNNER = YES;
			};
			name = Debug;
		};
		7BB3AF5F1C4EEFAC00A20A81 /* Release */ = {
			isa = XCBuildConfiguration;
			buildSettings = {
				INFOPLIST_FILE = AutoLayoutUsingStoryboardUITests/Info.plist;
				LD_RUNPATH_SEARCH_PATHS = "$(inherited) @executable_path/Frameworks @loader_path/Frameworks";
				PRODUCT_BUNDLE_IDENTIFIER = ca.lighthouselabs.AutoLayoutUsingStoryboardUITests;
				PRODUCT_NAME = "$(TARGET_NAME)";
				TEST_TARGET_NAME = AutoLayoutUsingStoryboard;
				USES_XCTRUNNER = YES;
			};
			name = Release;
		};
/* End XCBuildConfiguration section */

/* Begin XCConfigurationList section */
		7BB3AF251C4EEFAA00A20A81 /* Build configuration list for PBXProject "AutoLayoutUsingStoryboard" */ = {
			isa = XCConfigurationList;
			buildConfigurations = (
				7BB3AF551C4EEFAC00A20A81 /* Debug */,
				7BB3AF561C4EEFAC00A20A81 /* Release */,
			);
			defaultConfigurationIsVisible = 0;
			defaultConfigurationName = Release;
		};
		7BB3AF571C4EEFAC00A20A81 /* Build configuration list for PBXNativeTarget "AutoLayoutUsingStoryboard" */ = {
			isa = XCConfigurationList;
			buildConfigurations = (
				7BB3AF581C4EEFAC00A20A81 /* Debug */,
				7BB3AF591C4EEFAC00A20A81 /* Release */,
			);
			defaultConfigurationIsVisible = 0;
		};
		7BB3AF5A1C4EEFAC00A20A81 /* Build configuration list for PBXNativeTarget "AutoLayoutUsingStoryboardTests" */ = {
			isa = XCConfigurationList;
			buildConfigurations = (
				7BB3AF5B1C4EEFAC00A20A81 /* Debug */,
				7BB3AF5C1C4EEFAC00A20A81 /* Release */,
			);
			defaultConfigurationIsVisible = 0;
		};
		7BB3AF5D1C4EEFAC00A20A81 /* Build configuration list for PBXNativeTarget "AutoLayoutUsingStoryboardUITests" */ = {
			isa = XCConfigurationList;
			buildConfigurations = (
				7BB3AF5E1C4EEFAC00A20A81 /* Debug */,
				7BB3AF5F1C4EEFAC00A20A81 /* Release */,
			);
			defaultConfigurationIsVisible = 0;
		};
/* End XCConfigurationList section */
	};
	rootObject = 7BB3AF221C4EEFAA00A20A81 /* Project object */;
}
